<?xml version="1.0" encoding="utf-8"?>
<Project ToolsVersion="4.0" xmlns="http://schemas.microsoft.com/developer/msbuild/2003">
  <ItemGroup>
    <Filter Include="API">
      <UniqueIdentifier>{d8aab0a4-e23a-4533-8c27-4918f6610413}</UniqueIdentifier>
    </Filter>
  </ItemGroup>
  <ItemGroup>
    <ClInclude Include="..\Address.h">
      <Filter>API</Filter>
    </ClInclude>
    <ClInclude Include="..\Server.h">
      <Filter>API</Filter>
    </ClInclude>
  </ItemGroup>
  <ItemGroup>
    <ClCompile Include="..\Address.cpp">
      <Filter>API</Filter>
    </ClCompile>
    <ClCompile Include="..\Server.cpp">
      <Filter>API</Filter>
    </ClCompile>
  </ItemGroup>
</Project>